PODS:
  - Nimble (8.1.1)
  - PureLayout (3.1.6)
  - Quick (3.0.0)

DEPENDENCIES:
  - Nimble
  - PureLayout
  - Quick

SPEC REPOS:
  trunk:
    - Nimble
    - PureLayout
    - Quick

SPEC CHECKSUMS:
  Nimble: 5f8a2fb6fa343a7242dfdd9d42f7267419d464b2
  PureLayout: bd3c4ec3a3819ad387c99ebb72c6b129c3ed4d2d
  Quick: 6d9559f40647bc4d510103842ef2fdd882d753e2

PODFILE CHECKSUM: 3bcf32d18060fcaeffef25d5372d83f35435f76e

COCOAPODS: 1.8.4
